
Microsoft Visual Studio Solution File, Format Version 12.00
# Visual Studio 15
VisualStudioVersion = 15.0.28307.902
MinimumVisualStudioVersion = 10.0.40219.1
Project("{9A19103F-16F7-4668-BE54-9A1E7A4F7556}") = "Algorithms.Sorting", "Algorithms.Sorting\Algorithms.Sorting.csproj", "{075D13B8-1700-40D3-A59C-F4686D8B050A}"
EndProject
Project("{9A19103F-16F7-4668-BE54-9A1E7A4F7556}") = "Algorithms.Tests", "Algorithms.Tests\Algorithms.Tests.csproj", "{80604E25-ED23-4B83-BF18-5A333E52B11D}"
EndProject
Project("{FAE04EC0-301F-11D3-BF4B-00C04F79EFBC}") = "Algorithms.App", "Algorithms.App\Algorithms.App.csproj", "{047733C5-88D1-4C7C-9719-C798A8A3BD3F}"
EndProject
Global
	GlobalSection(SolutionConfigurationPlatforms) = preSolution
		Debug|Any CPU = Debug|Any CPU
		Release|Any CPU = Release|Any CPU
	EndGlobalSection
	GlobalSection(ProjectConfigurationPlatforms) = postSolution
		{075D13B8-1700-40D3-A59C-F4686D8B050A}.Debug|Any CPU.ActiveCfg = Debug|Any CPU
		{075D13B8-1700-40D3-A59C-F4686D8B050A}.Debug|Any CPU.Build.0 = Debug|Any CPU
		{075D13B8-1700-40D3-A59C-F4686D8B050A}.Release|Any CPU.ActiveCfg = Release|Any CPU
		{075D13B8-1700-40D3-A59C-F4686D8B050A}.Release|Any CPU.Build.0 = Release|Any CPU
		{80604E25-ED23-4B83-BF18-5A333E52B11D}.Debug|Any CPU.ActiveCfg = Debug|Any CPU
		{80604E25-ED23-4B83-BF18-5A333E52B11D}.Debug|Any CPU.Build.0 = Debug|Any CPU
		{80604E25-ED23-4B83-BF18-5A333E52B11D}.Release|Any CPU.ActiveCfg = Release|Any CPU
		{80604E25-ED23-4B83-BF18-5A333E52B11D}.Release|Any CPU.Build.0 = Release|Any CPU
		{047733C5-88D1-4C7C-9719-C798A8A3BD3F}.Debug|Any CPU.ActiveCfg = Debug|Any CPU
		{047733C5-88D1-4C7C-9719-C798A8A3BD3F}.Debug|Any CPU.Build.0 = Debug|Any CPU
		{047733C5-88D1-4C7C-9719-C798A8A3BD3F}.Release|Any CPU.ActiveCfg = Release|Any CPU
		{047733C5-88D1-4C7C-9719-C798A8A3BD3F}.Release|Any CPU.Build.0 = Release|Any CPU
	EndGlobalSection
	GlobalSection(SolutionProperties) = preSolution
		HideSolutionNode = FALSE
	EndGlobalSection
	GlobalSection(ExtensibilityGlobals) = postSolution
		SolutionGuid = {3AF4A4F9-2263-4E14-8E96-F590550DF43D}
	EndGlobalSection
EndGlobal
